// !$*UTF8*$!
{
	archiveVersion = 1;
	classes = {
	};
	objectVersion = 55;
	objects = {

/* Begin PBXBuildFile section */
		961F422B10DFDA8BF0213A92 /* Pods_PetVet.framework in Frameworks */ = {isa = PBXBuildFile; fileRef = 49C142CACD30FF251DEF9754 /* Pods_PetVet.framework */; };
		C0022719280C3F96000D13D5 /* MainVM.swift in Sources */ = {isa = PBXBuildFile; fileRef = C0022718280C3F96000D13D5 /* MainVM.swift */; };
		C002271C280C43B0000D13D5 /* View+extensions.swift in Sources */ = {isa = PBXBuildFile; fileRef = C002271B280C43B0000D13D5 /* View+extensions.swift */; };
		C002271F280C549B000D13D5 /* PetProfileCreationView.swift in Sources */ = {isa = PBXBuildFile; fileRef = C002271E280C549B000D13D5 /* PetProfileCreationView.swift */; };
		C0022721280C54AE000D13D5 /* PetProfileCreationVM.swift in Sources */ = {isa = PBXBuildFile; fileRef = C0022720280C54AE000D13D5 /* PetProfileCreationVM.swift */; };
		C0022723280C5767000D13D5 /* Modifiers.swift in Sources */ = {isa = PBXBuildFile; fileRef = C0022722280C5767000D13D5 /* Modifiers.swift */; };
		C0022726280C5928000D13D5 /* SegmentedControlView.swift in Sources */ = {isa = PBXBuildFile; fileRef = C0022725280C5928000D13D5 /* SegmentedControlView.swift */; };
		C0022728280C6A24000D13D5 /* DateSelectionView.swift in Sources */ = {isa = PBXBuildFile; fileRef = C0022727280C6A24000D13D5 /* DateSelectionView.swift */; };
		C01E781827E6116300633AC0 /* RegistrationandLoginView.swift in Sources */ = {isa = PBXBuildFile; fileRef = C01E781727E6116300633AC0 /* RegistrationandLoginView.swift */; };
		C01E781B27E611E600633AC0 /* CustomTextFieldView.swift in Sources */ = {isa = PBXBuildFile; fileRef = C01E781A27E611E600633AC0 /* CustomTextFieldView.swift */; };
		C031E8F727E6246C000E01F5 /* CustomButtonView.swift in Sources */ = {isa = PBXBuildFile; fileRef = C031E8F627E6246C000E01F5 /* CustomButtonView.swift */; };
		C031E8F927E629B7000E01F5 /* UsernameAndPasswordView.swift in Sources */ = {isa = PBXBuildFile; fileRef = C031E8F827E629B7000E01F5 /* UsernameAndPasswordView.swift */; };
		C031E8FB27E62D32000E01F5 /* CustomNavigationButton.swift in Sources */ = {isa = PBXBuildFile; fileRef = C031E8FA27E62D32000E01F5 /* CustomNavigationButton.swift */; };
		C031E8FD27E63011000E01F5 /* MainView.swift in Sources */ = {isa = PBXBuildFile; fileRef = C031E8FC27E63011000E01F5 /* MainView.swift */; };
		C0327ACA28311F8F00A8E36E /* TabBarView.swift in Sources */ = {isa = PBXBuildFile; fileRef = C0327AC928311F8F00A8E36E /* TabBarView.swift */; };
		C0327AD0283128DB00A8E36E /* RoundedButton.swift in Sources */ = {isa = PBXBuildFile; fileRef = C0327ACF283128DB00A8E36E /* RoundedButton.swift */; };
		C0327AD228314A3900A8E36E /* Images.xcassets in Resources */ = {isa = PBXBuildFile; fileRef = C0327AD128314A3900A8E36E /* Images.xcassets */; };
		C0327AD528314E4A00A8E36E /* R.generated.swift in Sources */ = {isa = PBXBuildFile; fileRef = C0327AD428314E4A00A8E36E /* R.generated.swift */; };
		C0327AD82831528700A8E36E /* PetListView.swift in Sources */ = {isa = PBXBuildFile; fileRef = C0327AD72831528700A8E36E /* PetListView.swift */; };
		C040B98127E7425D0077EA04 /* ParseManager.swift in Sources */ = {isa = PBXBuildFile; fileRef = C040B98027E7425D0077EA04 /* ParseManager.swift */; };
		C040B98327E7457E0077EA04 /* ParseObject.swift in Sources */ = {isa = PBXBuildFile; fileRef = C040B98227E7457E0077EA04 /* ParseObject.swift */; };
		C040B98627E745B30077EA04 /* User.swift in Sources */ = {isa = PBXBuildFile; fileRef = C040B98527E745B30077EA04 /* User.swift */; };
		C040B98827E745ED0077EA04 /* Pet.swift in Sources */ = {isa = PBXBuildFile; fileRef = C040B98727E745ED0077EA04 /* Pet.swift */; };
		C040B98A27E74EAF0077EA04 /* AppError.swift in Sources */ = {isa = PBXBuildFile; fileRef = C040B98927E74EAF0077EA04 /* AppError.swift */; };
		C040B98C27E751F50077EA04 /* LaunchScreen.swift in Sources */ = {isa = PBXBuildFile; fileRef = C040B98B27E751F50077EA04 /* LaunchScreen.swift */; };
		C040B98E27E754B40077EA04 /* UsernameAndPasswordVM.swift in Sources */ = {isa = PBXBuildFile; fileRef = C040B98D27E754B40077EA04 /* UsernameAndPasswordVM.swift */; };
		C040B99127E75E870077EA04 /* FieldValidator.swift in Sources */ = {isa = PBXBuildFile; fileRef = C040B99027E75E870077EA04 /* FieldValidator.swift */; };
		C040B99427E767E70077EA04 /* LoginManager.swift in Sources */ = {isa = PBXBuildFile; fileRef = C040B99327E767E70077EA04 /* LoginManager.swift */; };
		C040B99727E768E00077EA04 /* ProfileCreationView.swift in Sources */ = {isa = PBXBuildFile; fileRef = C040B99627E768E00077EA04 /* ProfileCreationView.swift */; };
		C040B99927E76B320077EA04 /* CustomNavigationView.swift in Sources */ = {isa = PBXBuildFile; fileRef = C040B99827E76B320077EA04 /* CustomNavigationView.swift */; };
		C040B99B27E77A330077EA04 /* ProfileCreationVM.swift in Sources */ = {isa = PBXBuildFile; fileRef = C040B99A27E77A330077EA04 /* ProfileCreationVM.swift */; };
		C040B99D27E780270077EA04 /* PetProfileView.swift in Sources */ = {isa = PBXBuildFile; fileRef = C040B99C27E780270077EA04 /* PetProfileView.swift */; };
		C068267F280D7A200012E96B /* BarcodeView.swift in Sources */ = {isa = PBXBuildFile; fileRef = C068267E280D7A200012E96B /* BarcodeView.swift */; };
		C0682681280D8C260012E96B /* LineTextFieldView.swift in Sources */ = {isa = PBXBuildFile; fileRef = C0682680280D8C260012E96B /* LineTextFieldView.swift */; };
		C0682684280D9AD70012E96B /* ImagePicker.swift in Sources */ = {isa = PBXBuildFile; fileRef = C0682683280D9AD70012E96B /* ImagePicker.swift */; };
		C086E32D27B7D1B10050EB25 /* PetVetApp.swift in Sources */ = {isa = PBXBuildFile; fileRef = C086E32C27B7D1B10050EB25 /* PetVetApp.swift */; };
		C086E33127B7D1B20050EB25 /* Assets.xcassets in Resources */ = {isa = PBXBuildFile; fileRef = C086E33027B7D1B20050EB25 /* Assets.xcassets */; };
		C086E33427B7D1B20050EB25 /* Preview Assets.xcassets in Resources */ = {isa = PBXBuildFile; fileRef = C086E33327B7D1B20050EB25 /* Preview Assets.xcassets */; };
		C086E33D27B7D2110050EB25 /* Colors.xcassets in Resources */ = {isa = PBXBuildFile; fileRef = C086E33C27B7D2110050EB25 /* Colors.xcassets */; };
		C086E34427B7D4580050EB25 /* BackgroundView.swift in Sources */ = {isa = PBXBuildFile; fileRef = C086E34227B7D4580050EB25 /* BackgroundView.swift */; };
		C086E34527B7D4580050EB25 /* Appearance.swift in Sources */ = {isa = PBXBuildFile; fileRef = C086E34327B7D4580050EB25 /* Appearance.swift */; };
		C086E34727B7E3DF0050EB25 /* ProfileView.swift in Sources */ = {isa = PBXBuildFile; fileRef = C086E34627B7E3DF0050EB25 /* ProfileView.swift */; };
		C086E34927B7FEFC0050EB25 /* ProfileHeaderView.swift in Sources */ = {isa = PBXBuildFile; fileRef = C086E34827B7FEFC0050EB25 /* ProfileHeaderView.swift */; };
		C09ED22B27E786D7002D4AFE /* PetProfileVM.swift in Sources */ = {isa = PBXBuildFile; fileRef = C09ED22A27E786D7002D4AFE /* PetProfileVM.swift */; };
		C0BF61C22820331300737B8D /* PetDetailsView.swift in Sources */ = {isa = PBXBuildFile; fileRef = C0BF61C12820331300737B8D /* PetDetailsView.swift */; };
		C0E82FF82815741D003EDD3E /* PetTypeListView.swift in Sources */ = {isa = PBXBuildFile; fileRef = C0E82FF72815741D003EDD3E /* PetTypeListView.swift */; };
		C0E82FFA28157556003EDD3E /* EmojiView.swift in Sources */ = {isa = PBXBuildFile; fileRef = C0E82FF928157556003EDD3E /* EmojiView.swift */; };
		C0E83000281576F7003EDD3E /* PetTypeView.swift in Sources */ = {isa = PBXBuildFile; fileRef = C0E82FFF281576F7003EDD3E /* PetTypeView.swift */; };
		C0E8E3DE284221A600079808 /* CarouselView.swift in Sources */ = {isa = PBXBuildFile; fileRef = C0E8E3DD284221A600079808 /* CarouselView.swift */; };
		C0E8E3E1284233A900079808 /* PetCarouselView.swift in Sources */ = {isa = PBXBuildFile; fileRef = C0E8E3E0284233A900079808 /* PetCarouselView.swift */; };
/* End PBXBuildFile section */

/* Begin PBXFileReference section */
		49C142CACD30FF251DEF9754 /* Pods_PetVet.framework */ = {isa = PBXFileReference; explicitFileType = wrapper.framework; includeInIndex = 0; path = Pods_PetVet.framework; sourceTree = BUILT_PRODUCTS_DIR; };
		C0022718280C3F96000D13D5 /* MainVM.swift */ = {isa = PBXFileReference; lastKnownFileType = sourcecode.swift; path = MainVM.swift; sourceTree = "<group>"; };
		C002271B280C43B0000D13D5 /* View+extensions.swift */ = {isa = PBXFileReference; lastKnownFileType = sourcecode.swift; path = "View+extensions.swift"; sourceTree = "<group>"; };
		C002271E280C549B000D13D5 /* PetProfileCreationView.swift */ = {isa = PBXFileReference; lastKnownFileType = sourcecode.swift; path = PetProfileCreationView.swift; sourceTree = "<group>"; };
		C0022720280C54AE000D13D5 /* PetProfileCreationVM.swift */ = {isa = PBXFileReference; lastKnownFileType = sourcecode.swift; path = PetProfileCreationVM.swift; sourceTree = "<group>"; };
		C0022722280C5767000D13D5 /* Modifiers.swift */ = {isa = PBXFileReference; lastKnownFileType = sourcecode.swift; path = Modifiers.swift; sourceTree = "<group>"; };
		C0022725280C5928000D13D5 /* SegmentedControlView.swift */ = {isa = PBXFileReference; lastKnownFileType = sourcecode.swift; path = SegmentedControlView.swift; sourceTree = "<group>"; };
		C0022727280C6A24000D13D5 /* DateSelectionView.swift */ = {isa = PBXFileReference; lastKnownFileType = sourcecode.swift; path = DateSelectionView.swift; sourceTree = "<group>"; };
		C01E781727E6116300633AC0 /* RegistrationandLoginView.swift */ = {isa = PBXFileReference; lastKnownFileType = sourcecode.swift; path = RegistrationandLoginView.swift; sourceTree = "<group>"; };
		C01E781A27E611E600633AC0 /* CustomTextFieldView.swift */ = {isa = PBXFileReference; lastKnownFileType = sourcecode.swift; path = CustomTextFieldView.swift; sourceTree = "<group>"; };
		C031E8F627E6246C000E01F5 /* CustomButtonView.swift */ = {isa = PBXFileReference; lastKnownFileType = sourcecode.swift; path = CustomButtonView.swift; sourceTree = "<group>"; };
		C031E8F827E629B7000E01F5 /* UsernameAndPasswordView.swift */ = {isa = PBXFileReference; lastKnownFileType = sourcecode.swift; path = UsernameAndPasswordView.swift; sourceTree = "<group>"; };
		C031E8FA27E62D32000E01F5 /* CustomNavigationButton.swift */ = {isa = PBXFileReference; lastKnownFileType = sourcecode.swift; path = CustomNavigationButton.swift; sourceTree = "<group>"; };
		C031E8FC27E63011000E01F5 /* MainView.swift */ = {isa = PBXFileReference; lastKnownFileType = sourcecode.swift; path = MainView.swift; sourceTree = "<group>"; };
		C0327AC928311F8F00A8E36E /* TabBarView.swift */ = {isa = PBXFileReference; lastKnownFileType = sourcecode.swift; path = TabBarView.swift; sourceTree = "<group>"; };
		C0327ACF283128DB00A8E36E /* RoundedButton.swift */ = {isa = PBXFileReference; lastKnownFileType = sourcecode.swift; path = RoundedButton.swift; sourceTree = "<group>"; };
		C0327AD128314A3900A8E36E /* Images.xcassets */ = {isa = PBXFileReference; lastKnownFileType = folder.assetcatalog; path = Images.xcassets; sourceTree = "<group>"; };
		C0327AD428314E4A00A8E36E /* R.generated.swift */ = {isa = PBXFileReference; fileEncoding = 4; lastKnownFileType = sourcecode.swift; path = R.generated.swift; sourceTree = SOURCE_ROOT; };
		C0327AD72831528700A8E36E /* PetListView.swift */ = {isa = PBXFileReference; lastKnownFileType = sourcecode.swift; path = PetListView.swift; sourceTree = "<group>"; };
		C040B98027E7425D0077EA04 /* ParseManager.swift */ = {isa = PBXFileReference; lastKnownFileType = sourcecode.swift; path = ParseManager.swift; sourceTree = "<group>"; };
		C040B98227E7457E0077EA04 /* ParseObject.swift */ = {isa = PBXFileReference; lastKnownFileType = sourcecode.swift; path = ParseObject.swift; sourceTree = "<group>"; };
		C040B98527E745B30077EA04 /* User.swift */ = {isa = PBXFileReference; lastKnownFileType = sourcecode.swift; path = User.swift; sourceTree = "<group>"; };
		C040B98727E745ED0077EA04 /* Pet.swift */ = {isa = PBXFileReference; lastKnownFileType = sourcecode.swift; path = Pet.swift; sourceTree = "<group>"; };
		C040B98927E74EAF0077EA04 /* AppError.swift */ = {isa = PBXFileReference; lastKnownFileType = sourcecode.swift; path = AppError.swift; sourceTree = "<group>"; };
		C040B98B27E751F50077EA04 /* LaunchScreen.swift */ = {isa = PBXFileReference; lastKnownFileType = sourcecode.swift; path = LaunchScreen.swift; sourceTree = "<group>"; };
		C040B98D27E754B40077EA04 /* UsernameAndPasswordVM.swift */ = {isa = PBXFileReference; lastKnownFileType = sourcecode.swift; path = UsernameAndPasswordVM.swift; sourceTree = "<group>"; };
		C040B99027E75E870077EA04 /* FieldValidator.swift */ = {isa = PBXFileReference; lastKnownFileType = sourcecode.swift; path = FieldValidator.swift; sourceTree = "<group>"; };
		C040B99327E767E70077EA04 /* LoginManager.swift */ = {isa = PBXFileReference; lastKnownFileType = sourcecode.swift; path = LoginManager.swift; sourceTree = "<group>"; };
		C040B99627E768E00077EA04 /* ProfileCreationView.swift */ = {isa = PBXFileReference; lastKnownFileType = sourcecode.swift; path = ProfileCreationView.swift; sourceTree = "<group>"; };
		C040B99827E76B320077EA04 /* CustomNavigationView.swift */ = {isa = PBXFileReference; lastKnownFileType = sourcecode.swift; path = CustomNavigationView.swift; sourceTree = "<group>"; };
		C040B99A27E77A330077EA04 /* ProfileCreationVM.swift */ = {isa = PBXFileReference; lastKnownFileType = sourcecode.swift; path = ProfileCreationVM.swift; sourceTree = "<group>"; };
		C040B99C27E780270077EA04 /* PetProfileView.swift */ = {isa = PBXFileReference; lastKnownFileType = sourcecode.swift; path = PetProfileView.swift; sourceTree = "<group>"; };
		C068267E280D7A200012E96B /* BarcodeView.swift */ = {isa = PBXFileReference; lastKnownFileType = sourcecode.swift; path = BarcodeView.swift; sourceTree = "<group>"; };
		C0682680280D8C260012E96B /* LineTextFieldView.swift */ = {isa = PBXFileReference; lastKnownFileType = sourcecode.swift; path = LineTextFieldView.swift; sourceTree = "<group>"; };
		C0682683280D9AD70012E96B /* ImagePicker.swift */ = {isa = PBXFileReference; lastKnownFileType = sourcecode.swift; path = ImagePicker.swift; sourceTree = "<group>"; };
		C086E32927B7D1B10050EB25 /* PetVet.app */ = {isa = PBXFileReference; explicitFileType = wrapper.application; includeInIndex = 0; path = PetVet.app; sourceTree = BUILT_PRODUCTS_DIR; };
		C086E32C27B7D1B10050EB25 /* PetVetApp.swift */ = {isa = PBXFileReference; lastKnownFileType = sourcecode.swift; path = PetVetApp.swift; sourceTree = "<group>"; };
		C086E33027B7D1B20050EB25 /* Assets.xcassets */ = {isa = PBXFileReference; lastKnownFileType = folder.assetcatalog; path = Assets.xcassets; sourceTree = "<group>"; };
		C086E33327B7D1B20050EB25 /* Preview Assets.xcassets */ = {isa = PBXFileReference; lastKnownFileType = folder.assetcatalog; path = "Preview Assets.xcassets"; sourceTree = "<group>"; };
		C086E33C27B7D2110050EB25 /* Colors.xcassets */ = {isa = PBXFileReference; lastKnownFileType = folder.assetcatalog; path = Colors.xcassets; sourceTree = "<group>"; };
		C086E34227B7D4580050EB25 /* BackgroundView.swift */ = {isa = PBXFileReference; fileEncoding = 4; lastKnownFileType = sourcecode.swift; path = BackgroundView.swift; sourceTree = "<group>"; };
		C086E34327B7D4580050EB25 /* Appearance.swift */ = {isa = PBXFileReference; fileEncoding = 4; lastKnownFileType = sourcecode.swift; path = Appearance.swift; sourceTree = "<group>"; };
		C086E34627B7E3DF0050EB25 /* ProfileView.swift */ = {isa = PBXFileReference; lastKnownFileType = sourcecode.swift; path = ProfileView.swift; sourceTree = "<group>"; };
		C086E34827B7FEFC0050EB25 /* ProfileHeaderView.swift */ = {isa = PBXFileReference; lastKnownFileType = sourcecode.swift; path = ProfileHeaderView.swift; sourceTree = "<group>"; };
		C09ED22A27E786D7002D4AFE /* PetProfileVM.swift */ = {isa = PBXFileReference; lastKnownFileType = sourcecode.swift; path = PetProfileVM.swift; sourceTree = "<group>"; };
		C0BF61C12820331300737B8D /* PetDetailsView.swift */ = {isa = PBXFileReference; lastKnownFileType = sourcecode.swift; path = PetDetailsView.swift; sourceTree = "<group>"; };
		C0E82FF72815741D003EDD3E /* PetTypeListView.swift */ = {isa = PBXFileReference; lastKnownFileType = sourcecode.swift; path = PetTypeListView.swift; sourceTree = "<group>"; };
		C0E82FF928157556003EDD3E /* EmojiView.swift */ = {isa = PBXFileReference; lastKnownFileType = sourcecode.swift; path = EmojiView.swift; sourceTree = "<group>"; };
		C0E82FFF281576F7003EDD3E /* PetTypeView.swift */ = {isa = PBXFileReference; lastKnownFileType = sourcecode.swift; path = PetTypeView.swift; sourceTree = "<group>"; };
		C0E8E3DD284221A600079808 /* CarouselView.swift */ = {isa = PBXFileReference; lastKnownFileType = sourcecode.swift; path = CarouselView.swift; sourceTree = "<group>"; };
		C0E8E3E0284233A900079808 /* PetCarouselView.swift */ = {isa = PBXFileReference; lastKnownFileType = sourcecode.swift; path = PetCarouselView.swift; sourceTree = "<group>"; };
		C7B235274A3927460391838B /* Pods-PetVet.debug.xcconfig */ = {isa = PBXFileReference; includeInIndex = 1; lastKnownFileType = text.xcconfig; name = "Pods-PetVet.debug.xcconfig"; path = "Target Support Files/Pods-PetVet/Pods-PetVet.debug.xcconfig"; sourceTree = "<group>"; };
		FDD770D238AF173C825ADDED /* Pods-PetVet.release.xcconfig */ = {isa = PBXFileReference; includeInIndex = 1; lastKnownFileType = text.xcconfig; name = "Pods-PetVet.release.xcconfig"; path = "Target Support Files/Pods-PetVet/Pods-PetVet.release.xcconfig"; sourceTree = "<group>"; };
/* End PBXFileReference section */

/* Begin PBXFrameworksBuildPhase section */
		C086E32627B7D1B10050EB25 /* Frameworks */ = {
			isa = PBXFrameworksBuildPhase;
			buildActionMask = 2147483647;
			files = (
				961F422B10DFDA8BF0213A92 /* Pods_PetVet.framework in Frameworks */,
			);
			runOnlyForDeploymentPostprocessing = 0;
		};
/* End PBXFrameworksBuildPhase section */

/* Begin PBXGroup section */
		172A1EE226056F18C2F607A2 /* Pods */ = {
			isa = PBXGroup;
			children = (
				C7B235274A3927460391838B /* Pods-PetVet.debug.xcconfig */,
				FDD770D238AF173C825ADDED /* Pods-PetVet.release.xcconfig */,
			);
			path = Pods;
			sourceTree = "<group>";
		};
		387063852DC77B6746D83A14 /* Frameworks */ = {
			isa = PBXGroup;
			children = (
				49C142CACD30FF251DEF9754 /* Pods_PetVet.framework */,
			);
			name = Frameworks;
			sourceTree = "<group>";
		};
		C002271A280C4377000D13D5 /* Extensions */ = {
			isa = PBXGroup;
			children = (
				C002271B280C43B0000D13D5 /* View+extensions.swift */,
			);
			path = Extensions;
			sourceTree = "<group>";
		};
		C002271D280C4FC8000D13D5 /* PetProfileCreation */ = {
			isa = PBXGroup;
			children = (
				C002271E280C549B000D13D5 /* PetProfileCreationView.swift */,
				C0022720280C54AE000D13D5 /* PetProfileCreationVM.swift */,
			);
			path = PetProfileCreation;
			sourceTree = "<group>";
		};
		C01E781527E6107B00633AC0 /* Main */ = {
			isa = PBXGroup;
			children = (
				C086E32C27B7D1B10050EB25 /* PetVetApp.swift */,
				C040B98B27E751F50077EA04 /* LaunchScreen.swift */,
			);
			path = Main;
			sourceTree = "<group>";
		};
		C01E781627E610FA00633AC0 /* RegisterAndLogin */ = {
			isa = PBXGroup;
			children = (
				C01E781727E6116300633AC0 /* RegistrationandLoginView.swift */,
				C031E8F827E629B7000E01F5 /* UsernameAndPasswordView.swift */,
				C040B98D27E754B40077EA04 /* UsernameAndPasswordVM.swift */,
			);
			path = RegisterAndLogin;
			sourceTree = "<group>";
		};
		C01E781927E6119100633AC0 /* ComponentViews */ = {
			isa = PBXGroup;
			children = (
				C0327ACE283121A700A8E36E /* TextField */,
				C0327ACD2831218C00A8E36E /* Buttons */,
				C086E34227B7D4580050EB25 /* BackgroundView.swift */,
				C040B99827E76B320077EA04 /* CustomNavigationView.swift */,
				C0022725280C5928000D13D5 /* SegmentedControlView.swift */,
				C0022727280C6A24000D13D5 /* DateSelectionView.swift */,
				C068267E280D7A200012E96B /* BarcodeView.swift */,
				C0682683280D9AD70012E96B /* ImagePicker.swift */,
				C0E82FF928157556003EDD3E /* EmojiView.swift */,
			);
			path = ComponentViews;
			sourceTree = "<group>";
		};
		C030DF4527EF3F8900EFB26F /* ProfileCteationView */ = {
			isa = PBXGroup;
			children = (
				C040B99627E768E00077EA04 /* ProfileCreationView.swift */,
				C040B99A27E77A330077EA04 /* ProfileCreationVM.swift */,
			);
			path = ProfileCteationView;
			sourceTree = "<group>";
		};
		C030DF4627EF3F9F00EFB26F /* PetProfileView */ = {
			isa = PBXGroup;
			children = (
				C040B99C27E780270077EA04 /* PetProfileView.swift */,
				C09ED22A27E786D7002D4AFE /* PetProfileVM.swift */,
				C0BF61C12820331300737B8D /* PetDetailsView.swift */,
			);
			path = PetProfileView;
			sourceTree = "<group>";
		};
		C030DF4727EF3FB000EFB26F /* UserProfileView */ = {
			isa = PBXGroup;
			children = (
				C086E34627B7E3DF0050EB25 /* ProfileView.swift */,
			);
			path = UserProfileView;
			sourceTree = "<group>";
		};
		C0327ACD2831218C00A8E36E /* Buttons */ = {
			isa = PBXGroup;
			children = (
				C031E8F627E6246C000E01F5 /* CustomButtonView.swift */,
				C031E8FA27E62D32000E01F5 /* CustomNavigationButton.swift */,
				C0327ACF283128DB00A8E36E /* RoundedButton.swift */,
			);
			path = Buttons;
			sourceTree = "<group>";
		};
		C0327ACE283121A700A8E36E /* TextField */ = {
			isa = PBXGroup;
			children = (
				C0682680280D8C260012E96B /* LineTextFieldView.swift */,
				C01E781A27E611E600633AC0 /* CustomTextFieldView.swift */,
			);
			path = TextField;
			sourceTree = "<group>";
		};
		C040B97F27E742440077EA04 /* API */ = {
			isa = PBXGroup;
			children = (
				C040B98227E7457E0077EA04 /* ParseObject.swift */,
				C040B98927E74EAF0077EA04 /* AppError.swift */,
			);
			path = API;
			sourceTree = "<group>";
		};
		C040B98427E745A40077EA04 /* Models */ = {
			isa = PBXGroup;
			children = (
				C040B98527E745B30077EA04 /* User.swift */,
				C040B98727E745ED0077EA04 /* Pet.swift */,
			);
			path = Models;
			sourceTree = "<group>";
		};
		C040B98F27E75A9B0077EA04 /* SupportingViews */ = {
			isa = PBXGroup;
			children = (
				C0E82FFC28157644003EDD3E /* PetTypeList */,
				C0327AC928311F8F00A8E36E /* TabBarView.swift */,
				C086E34827B7FEFC0050EB25 /* ProfileHeaderView.swift */,
			);
			path = SupportingViews;
			sourceTree = "<group>";
		};
		C040B99227E767AF0077EA04 /* Managers */ = {
			isa = PBXGroup;
			children = (
				C040B98027E7425D0077EA04 /* ParseManager.swift */,
				C040B99327E767E70077EA04 /* LoginManager.swift */,
			);
			path = Managers;
			sourceTree = "<group>";
		};
		C040B99527E768C20077EA04 /* Profile */ = {
			isa = PBXGroup;
			children = (
				C002271D280C4FC8000D13D5 /* PetProfileCreation */,
				C030DF4727EF3FB000EFB26F /* UserProfileView */,
				C030DF4627EF3F9F00EFB26F /* PetProfileView */,
				C030DF4527EF3F8900EFB26F /* ProfileCteationView */,
			);
			path = Profile;
			sourceTree = "<group>";
		};
		C086E32027B7D1B10050EB25 = {
			isa = PBXGroup;
			children = (
				C086E32B27B7D1B10050EB25 /* PetVet */,
				C086E32A27B7D1B10050EB25 /* Products */,
				172A1EE226056F18C2F607A2 /* Pods */,
				387063852DC77B6746D83A14 /* Frameworks */,
			);
			sourceTree = "<group>";
		};
		C086E32A27B7D1B10050EB25 /* Products */ = {
			isa = PBXGroup;
			children = (
				C086E32927B7D1B10050EB25 /* PetVet.app */,
			);
			name = Products;
			sourceTree = "<group>";
		};
		C086E32B27B7D1B10050EB25 /* PetVet */ = {
			isa = PBXGroup;
			children = (
				C086E33B27B7D1E90050EB25 /* Resources */,
				C086E33A27B7D1E00050EB25 /* Source */,
				C086E33227B7D1B20050EB25 /* Preview Content */,
			);
			path = PetVet;
			sourceTree = "<group>";
		};
		C086E33227B7D1B20050EB25 /* Preview Content */ = {
			isa = PBXGroup;
			children = (
				C086E33327B7D1B20050EB25 /* Preview Assets.xcassets */,
			);
			path = "Preview Content";
			sourceTree = "<group>";
		};
		C086E33A27B7D1E00050EB25 /* Source */ = {
			isa = PBXGroup;
			children = (
				C0327AD428314E4A00A8E36E /* R.generated.swift */,
				C040B99227E767AF0077EA04 /* Managers */,
				C040B98427E745A40077EA04 /* Models */,
				C040B97F27E742440077EA04 /* API */,
				C086E33E27B7D39C0050EB25 /* Views */,
				C086E34127B7D4580050EB25 /* Tools */,
			);
			path = Source;
			sourceTree = "<group>";
		};
		C086E33B27B7D1E90050EB25 /* Resources */ = {
			isa = PBXGroup;
			children = (
				C086E33027B7D1B20050EB25 /* Assets.xcassets */,
				C086E33C27B7D2110050EB25 /* Colors.xcassets */,
				C0327AD128314A3900A8E36E /* Images.xcassets */,
			);
			path = Resources;
			sourceTree = "<group>";
		};
		C086E33E27B7D39C0050EB25 /* Views */ = {
			isa = PBXGroup;
			children = (
				C0E8E4002844E11B00079808 /* In progress stuff */,
				C040B99527E768C20077EA04 /* Profile */,
				C01E781527E6107B00633AC0 /* Main */,
				C01E781927E6119100633AC0 /* ComponentViews */,
				C040B98F27E75A9B0077EA04 /* SupportingViews */,
				C01E781627E610FA00633AC0 /* RegisterAndLogin */,
				C031E8FC27E63011000E01F5 /* MainView.swift */,
				C0022718280C3F96000D13D5 /* MainVM.swift */,
			);
			path = Views;
			sourceTree = "<group>";
		};
		C086E34127B7D4580050EB25 /* Tools */ = {
			isa = PBXGroup;
			children = (
				C002271A280C4377000D13D5 /* Extensions */,
				C086E34327B7D4580050EB25 /* Appearance.swift */,
				C040B99027E75E870077EA04 /* FieldValidator.swift */,
				C0022722280C5767000D13D5 /* Modifiers.swift */,
			);
			path = Tools;
			sourceTree = "<group>";
		};
		C0E82FFC28157644003EDD3E /* PetTypeList */ = {
			isa = PBXGroup;
			children = (
				C0E82FF72815741D003EDD3E /* PetTypeListView.swift */,
				C0E82FFF281576F7003EDD3E /* PetTypeView.swift */,
			);
			path = PetTypeList;
			sourceTree = "<group>";
		};
		C0E8E4002844E11B00079808 /* In progress stuff */ = {
			isa = PBXGroup;
			children = (
				C0E8E3DD284221A600079808 /* CarouselView.swift */,
				C0E8E3E0284233A900079808 /* PetCarouselView.swift */,
				C0327AD72831528700A8E36E /* PetListView.swift */,
			);
			path = "In progress stuff";
			sourceTree = "<group>";
		};
/* End PBXGroup section */

/* Begin PBXNativeTarget section */
		C086E32827B7D1B10050EB25 /* PetVet */ = {
			isa = PBXNativeTarget;
			buildConfigurationList = C086E33727B7D1B20050EB25 /* Build configuration list for PBXNativeTarget "PetVet" */;
			buildPhases = (
				885F2A4FF3B32C9EF89C4A3A /* [CP] Check Pods Manifest.lock */,
				C0327AD328314C2E00A8E36E /* ShellScript */,
				C086E32527B7D1B10050EB25 /* Sources */,
				C086E32627B7D1B10050EB25 /* Frameworks */,
				C086E32727B7D1B10050EB25 /* Resources */,
				92F5A9ECB0E50FB448B1C88A /* [CP] Embed Pods Frameworks */,
			);
			buildRules = (
			);
			dependencies = (
			);
			name = PetVet;
			productName = PetVet;
			productReference = C086E32927B7D1B10050EB25 /* PetVet.app */;
			productType = "com.apple.product-type.application";
		};
/* End PBXNativeTarget section */

/* Begin PBXProject section */
		C086E32127B7D1B10050EB25 /* Project object */ = {
			isa = PBXProject;
			attributes = {
				BuildIndependentTargetsInParallel = 1;
				LastSwiftUpdateCheck = 1320;
				LastUpgradeCheck = 1320;
				TargetAttributes = {
					C086E32827B7D1B10050EB25 = {
						CreatedOnToolsVersion = 13.2.1;
					};
				};
			};
			buildConfigurationList = C086E32427B7D1B10050EB25 /* Build configuration list for PBXProject "PetVet" */;
			compatibilityVersion = "Xcode 13.0";
			developmentRegion = en;
			hasScannedForEncodings = 0;
			knownRegions = (
				en,
				Base,
			);
			mainGroup = C086E32027B7D1B10050EB25;
			productRefGroup = C086E32A27B7D1B10050EB25 /* Products */;
			projectDirPath = "";
			projectRoot = "";
			targets = (
				C086E32827B7D1B10050EB25 /* PetVet */,
			);
		};
/* End PBXProject section */

/* Begin PBXResourcesBuildPhase section */
		C086E32727B7D1B10050EB25 /* Resources */ = {
			isa = PBXResourcesBuildPhase;
			buildActionMask = 2147483647;
			files = (
				C086E33D27B7D2110050EB25 /* Colors.xcassets in Resources */,
				C0327AD228314A3900A8E36E /* Images.xcassets in Resources */,
				C086E33427B7D1B20050EB25 /* Preview Assets.xcassets in Resources */,
				C086E33127B7D1B20050EB25 /* Assets.xcassets in Resources */,
			);
			runOnlyForDeploymentPostprocessing = 0;
		};
/* End PBXResourcesBuildPhase section */

/* Begin PBXShellScriptBuildPhase section */
		885F2A4FF3B32C9EF89C4A3A /* [CP] Check Pods Manifest.lock */ = {
			isa = PBXShellScriptBuildPhase;
			buildActionMask = 2147483647;
			files = (
			);
			inputFileListPaths = (
			);
			inputPaths = (
				"${PODS_PODFILE_DIR_PATH}/Podfile.lock",
				"${PODS_ROOT}/Manifest.lock",
			);
			name = "[CP] Check Pods Manifest.lock";
			outputFileListPaths = (
			);
			outputPaths = (
				"$(DERIVED_FILE_DIR)/Pods-PetVet-checkManifestLockResult.txt",
			);
			runOnlyForDeploymentPostprocessing = 0;
			shellPath = /bin/sh;
			shellScript = "diff \"${PODS_PODFILE_DIR_PATH}/Podfile.lock\" \"${PODS_ROOT}/Manifest.lock\" > /dev/null\nif [ $? != 0 ] ; then\n    # print error to STDERR\n    echo \"error: The sandbox is not in sync with the Podfile.lock. Run 'pod install' or update your CocoaPods installation.\" >&2\n    exit 1\nfi\n# This output is used by Xcode 'outputs' to avoid re-running this script phase.\necho \"SUCCESS\" > \"${SCRIPT_OUTPUT_FILE_0}\"\n";
			showEnvVarsInLog = 0;
		};
		92F5A9ECB0E50FB448B1C88A /* [CP] Embed Pods Frameworks */ = {
			isa = PBXShellScriptBuildPhase;
			buildActionMask = 2147483647;
			files = (
			);
			inputFileListPaths = (
				"${PODS_ROOT}/Target Support Files/Pods-PetVet/Pods-PetVet-frameworks-${CONFIGURATION}-input-files.xcfilelist",
			);
			name = "[CP] Embed Pods Frameworks";
			outputFileListPaths = (
				"${PODS_ROOT}/Target Support Files/Pods-PetVet/Pods-PetVet-frameworks-${CONFIGURATION}-output-files.xcfilelist",
			);
			runOnlyForDeploymentPostprocessing = 0;
			shellPath = /bin/sh;
			shellScript = "\"${PODS_ROOT}/Target Support Files/Pods-PetVet/Pods-PetVet-frameworks.sh\"\n";
			showEnvVarsInLog = 0;
		};
		C0327AD328314C2E00A8E36E /* ShellScript */ = {
			isa = PBXShellScriptBuildPhase;
			alwaysOutOfDate = 1;
			buildActionMask = 2147483647;
			files = (
			);
			inputFileListPaths = (
			);
			inputPaths = (
			);
			outputFileListPaths = (
			);
			outputPaths = (
				$SRCROOT/R.generated.swift,
			);
			runOnlyForDeploymentPostprocessing = 0;
			shellPath = /bin/sh;
			shellScript = "\"$PODS_ROOT/R.swift/rswift\" generate \"$SRCROOT/R.generated.swift\"\n";
		};
/* End PBXShellScriptBuildPhase section */

/* Begin PBXSourcesBuildPhase section */
		C086E32527B7D1B10050EB25 /* Sources */ = {
			isa = PBXSourcesBuildPhase;
			buildActionMask = 2147483647;
			files = (
				C086E34527B7D4580050EB25 /* Appearance.swift in Sources */,
				C0022723280C5767000D13D5 /* Modifiers.swift in Sources */,
				C0327AD528314E4A00A8E36E /* R.generated.swift in Sources */,
				C0E82FFA28157556003EDD3E /* EmojiView.swift in Sources */,
				C002271F280C549B000D13D5 /* PetProfileCreationView.swift in Sources */,
				C068267F280D7A200012E96B /* BarcodeView.swift in Sources */,
				C0022728280C6A24000D13D5 /* DateSelectionView.swift in Sources */,
				C031E8FD27E63011000E01F5 /* MainView.swift in Sources */,
				C040B99927E76B320077EA04 /* CustomNavigationView.swift in Sources */,
				C0E83000281576F7003EDD3E /* PetTypeView.swift in Sources */,
				C040B98A27E74EAF0077EA04 /* AppError.swift in Sources */,
				C01E781B27E611E600633AC0 /* CustomTextFieldView.swift in Sources */,
				C0682681280D8C260012E96B /* LineTextFieldView.swift in Sources */,
				C0BF61C22820331300737B8D /* PetDetailsView.swift in Sources */,
				C0022721280C54AE000D13D5 /* PetProfileCreationVM.swift in Sources */,
				C0E82FF82815741D003EDD3E /* PetTypeListView.swift in Sources */,
				C040B99B27E77A330077EA04 /* ProfileCreationVM.swift in Sources */,
				C0E8E3E1284233A900079808 /* PetCarouselView.swift in Sources */,
				C040B98627E745B30077EA04 /* User.swift in Sources */,
				C040B99127E75E870077EA04 /* FieldValidator.swift in Sources */,
				C0022726280C5928000D13D5 /* SegmentedControlView.swift in Sources */,
				C040B99427E767E70077EA04 /* LoginManager.swift in Sources */,
				C040B99D27E780270077EA04 /* PetProfileView.swift in Sources */,
				C0682684280D9AD70012E96B /* ImagePicker.swift in Sources */,
				C040B99727E768E00077EA04 /* ProfileCreationView.swift in Sources */,
				C09ED22B27E786D7002D4AFE /* PetProfileVM.swift in Sources */,
				C040B98327E7457E0077EA04 /* ParseObject.swift in Sources */,
				C0327AD82831528700A8E36E /* PetListView.swift in Sources */,
				C0022719280C3F96000D13D5 /* MainVM.swift in Sources */,
				C0E8E3DE284221A600079808 /* CarouselView.swift in Sources */,
				C031E8F927E629B7000E01F5 /* UsernameAndPasswordView.swift in Sources */,
				C002271C280C43B0000D13D5 /* View+extensions.swift in Sources */,
				C031E8F727E6246C000E01F5 /* CustomButtonView.swift in Sources */,
				C040B98127E7425D0077EA04 /* ParseManager.swift in Sources */,
				C040B98C27E751F50077EA04 /* LaunchScreen.swift in Sources */,
				C031E8FB27E62D32000E01F5 /* CustomNavigationButton.swift in Sources */,
				C0327ACA28311F8F00A8E36E /* TabBarView.swift in Sources */,
				C01E781827E6116300633AC0 /* RegistrationandLoginView.swift in Sources */,
				C086E34427B7D4580050EB25 /* BackgroundView.swift in Sources */,
				C040B98E27E754B40077EA04 /* UsernameAndPasswordVM.swift in Sources */,
				C0327AD0283128DB00A8E36E /* RoundedButton.swift in Sources */,
				C086E34927B7FEFC0050EB25 /* ProfileHeaderView.swift in Sources */,
				C086E34727B7E3DF0050EB25 /* ProfileView.swift in Sources */,
				C040B98827E745ED0077EA04 /* Pet.swift in Sources */,
				C086E32D27B7D1B10050EB25 /* PetVetApp.swift in Sources */,
			);
			runOnlyForDeploymentPostprocessing = 0;
		};
/* End PBXSourcesBuildPhase section */

/* Begin XCBuildConfiguration section */
		C086E33527B7D1B20050EB25 /* Debug */ = {
			isa = XCBuildConfiguration;
			buildSettings = {
				ALWAYS_SEARCH_USER_PATHS = NO;
				CLANG_ANALYZER_NONNULL = YES;
				CLANG_ANALYZER_NUMBER_OBJECT_CONVERSION = YES_AGGRESSIVE;
				CLANG_CXX_LANGUAGE_STANDARD = "gnu++17";
				CLANG_CXX_LIBRARY = "libc++";
				CLANG_ENABLE_MODULES = YES;
				CLANG_ENABLE_OBJC_ARC = YES;
				CLANG_ENABLE_OBJC_WEAK = YES;
				CLANG_WARN_BLOCK_CAPTURE_AUTORELEASING = YES;
				CLANG_WARN_BOOL_CONVERSION = YES;
				CLANG_WARN_COMMA = YES;
				CLANG_WARN_CONSTANT_CONVERSION = YES;
				CLANG_WARN_DEPRECATED_OBJC_IMPLEMENTATIONS = YES;
				CLANG_WARN_DIRECT_OBJC_ISA_USAGE = YES_ERROR;
				CLANG_WARN_DOCUMENTATION_COMMENTS = YES;
				CLANG_WARN_EMPTY_BODY = YES;
				CLANG_WARN_ENUM_CONVERSION = YES;
				CLANG_WARN_INFINITE_RECURSION = YES;
				CLANG_WARN_INT_CONVERSION = YES;
				CLANG_WARN_NON_LITERAL_NULL_CONVERSION = YES;
				CLANG_WARN_OBJC_IMPLICIT_RETAIN_SELF = YES;
				CLANG_WARN_OBJC_LITERAL_CONVERSION = YES;
				CLANG_WARN_OBJC_ROOT_CLASS = YES_ERROR;
				CLANG_WARN_QUOTED_INCLUDE_IN_FRAMEWORK_HEADER = YES;
				CLANG_WARN_RANGE_LOOP_ANALYSIS = YES;
				CLANG_WARN_STRICT_PROTOTYPES = YES;
				CLANG_WARN_SUSPICIOUS_MOVE = YES;
				CLANG_WARN_UNGUARDED_AVAILABILITY = YES_AGGRESSIVE;
				CLANG_WARN_UNREACHABLE_CODE = YES;
				CLANG_WARN__DUPLICATE_METHOD_MATCH = YES;
				COPY_PHASE_STRIP = NO;
				DEBUG_INFORMATION_FORMAT = dwarf;
				ENABLE_STRICT_OBJC_MSGSEND = YES;
				ENABLE_TESTABILITY = YES;
				GCC_C_LANGUAGE_STANDARD = gnu11;
				GCC_DYNAMIC_NO_PIC = NO;
				GCC_NO_COMMON_BLOCKS = YES;
				GCC_OPTIMIZATION_LEVEL = 0;
				GCC_PREPROCESSOR_DEFINITIONS = (
					"DEBUG=1",
					"$(inherited)",
				);
				GCC_WARN_64_TO_32_BIT_CONVERSION = YES;
				GCC_WARN_ABOUT_RETURN_TYPE = YES_ERROR;
				GCC_WARN_UNDECLARED_SELECTOR = YES;
				GCC_WARN_UNINITIALIZED_AUTOS = YES_AGGRESSIVE;
				GCC_WARN_UNUSED_FUNCTION = YES;
				GCC_WARN_UNUSED_VARIABLE = YES;
				IPHONEOS_DEPLOYMENT_TARGET = 15.2;
				MTL_ENABLE_DEBUG_INFO = INCLUDE_SOURCE;
				MTL_FAST_MATH = YES;
				ONLY_ACTIVE_ARCH = YES;
				SDKROOT = iphoneos;
				SWIFT_ACTIVE_COMPILATION_CONDITIONS = DEBUG;
				SWIFT_OPTIMIZATION_LEVEL = "-Onone";
			};
			name = Debug;
		};
		C086E33627B7D1B20050EB25 /* Release */ = {
			isa = XCBuildConfiguration;
			buildSettings = {
				ALWAYS_SEARCH_USER_PATHS = NO;
				CLANG_ANALYZER_NONNULL = YES;
				CLANG_ANALYZER_NUMBER_OBJECT_CONVERSION = YES_AGGRESSIVE;
				CLANG_CXX_LANGUAGE_STANDARD = "gnu++17";
				CLANG_CXX_LIBRARY = "libc++";
				CLANG_ENABLE_MODULES = YES;
				CLANG_ENABLE_OBJC_ARC = YES;
				CLANG_ENABLE_OBJC_WEAK = YES;
				CLANG_WARN_BLOCK_CAPTURE_AUTORELEASING = YES;
				CLANG_WARN_BOOL_CONVERSION = YES;
				CLANG_WARN_COMMA = YES;
				CLANG_WARN_CONSTANT_CONVERSION = YES;
				CLANG_WARN_DEPRECATED_OBJC_IMPLEMENTATIONS = YES;
				CLANG_WARN_DIRECT_OBJC_ISA_USAGE = YES_ERROR;
				CLANG_WARN_DOCUMENTATION_COMMENTS = YES;
				CLANG_WARN_EMPTY_BODY = YES;
				CLANG_WARN_ENUM_CONVERSION = YES;
				CLANG_WARN_INFINITE_RECURSION = YES;
				CLANG_WARN_INT_CONVERSION = YES;
				CLANG_WARN_NON_LITERAL_NULL_CONVERSION = YES;
				CLANG_WARN_OBJC_IMPLICIT_RETAIN_SELF = YES;
				CLANG_WARN_OBJC_LITERAL_CONVERSION = YES;
				CLANG_WARN_OBJC_ROOT_CLASS = YES_ERROR;
				CLANG_WARN_QUOTED_INCLUDE_IN_FRAMEWORK_HEADER = YES;
				CLANG_WARN_RANGE_LOOP_ANALYSIS = YES;
				CLANG_WARN_STRICT_PROTOTYPES = YES;
				CLANG_WARN_SUSPICIOUS_MOVE = YES;
				CLANG_WARN_UNGUARDED_AVAILABILITY = YES_AGGRESSIVE;
				CLANG_WARN_UNREACHABLE_CODE = YES;
				CLANG_WARN__DUPLICATE_METHOD_MATCH = YES;
				COPY_PHASE_STRIP = NO;
				DEBUG_INFORMATION_FORMAT = "dwarf-with-dsym";
				ENABLE_NS_ASSERTIONS = NO;
				ENABLE_STRICT_OBJC_MSGSEND = YES;
				GCC_C_LANGUAGE_STANDARD = gnu11;
				GCC_NO_COMMON_BLOCKS = YES;
				GCC_WARN_64_TO_32_BIT_CONVERSION = YES;
				GCC_WARN_ABOUT_RETURN_TYPE = YES_ERROR;
				GCC_WARN_UNDECLARED_SELECTOR = YES;
				GCC_WARN_UNINITIALIZED_AUTOS = YES_AGGRESSIVE;
				GCC_WARN_UNUSED_FUNCTION = YES;
				GCC_WARN_UNUSED_VARIABLE = YES;
				IPHONEOS_DEPLOYMENT_TARGET = 15.2;
				MTL_ENABLE_DEBUG_INFO = NO;
				MTL_FAST_MATH = YES;
				SDKROOT = iphoneos;
				SWIFT_COMPILATION_MODE = wholemodule;
				SWIFT_OPTIMIZATION_LEVEL = "-O";
				VALIDATE_PRODUCT = YES;
			};
			name = Release;
		};
		C086E33827B7D1B20050EB25 /* Debug */ = {
			isa = XCBuildConfiguration;
			baseConfigurationReference = C7B235274A3927460391838B /* Pods-PetVet.debug.xcconfig */;
			buildSettings = {
				ASSETCATALOG_COMPILER_APPICON_NAME = AppIcon;
				ASSETCATALOG_COMPILER_GLOBAL_ACCENT_COLOR_NAME = AccentColor;
				CODE_SIGN_STYLE = Automatic;
				CURRENT_PROJECT_VERSION = 1;
				DEVELOPMENT_ASSET_PATHS = "\"PetVet/Preview Content\"";
				DEVELOPMENT_TEAM = SJV56SAX8G;
				ENABLE_PREVIEWS = YES;
				GENERATE_INFOPLIST_FILE = YES;
				INFOPLIST_KEY_UIApplicationSceneManifest_Generation = YES;
				INFOPLIST_KEY_UIApplicationSupportsIndirectInputEvents = YES;
				INFOPLIST_KEY_UILaunchScreen_Generation = YES;
				INFOPLIST_KEY_UISupportedInterfaceOrientations_iPad = "UIInterfaceOrientationPortrait UIInterfaceOrientationPortraitUpsideDown UIInterfaceOrientationLandscapeLeft UIInterfaceOrientationLandscapeRight";
				INFOPLIST_KEY_UISupportedInterfaceOrientations_iPhone = "UIInterfaceOrientationPortrait UIInterfaceOrientationLandscapeLeft UIInterfaceOrientationLandscapeRight";
				LD_RUNPATH_SEARCH_PATHS = (
					"$(inherited)",
					"@executable_path/Frameworks",
				);
				MARKETING_VERSION = 1.0;
				PRODUCT_BUNDLE_IDENTIFIER = com.petracackov.petVet;
				PRODUCT_NAME = "$(TARGET_NAME)";
				SWIFT_EMIT_LOC_STRINGS = YES;
				SWIFT_VERSION = 5.0;
				TARGETED_DEVICE_FAMILY = "1,2";
			};
			name = Debug;
		};
		C086E33927B7D1B20050EB25 /* Release */ = {
			isa = XCBuildConfiguration;
			baseConfigurationReference = FDD770D238AF173C825ADDED /* Pods-PetVet.release.xcconfig */;
			buildSettings = {
				ASSETCATALOG_COMPILER_APPICON_NAME = AppIcon;
				ASSETCATALOG_COMPILER_GLOBAL_ACCENT_COLOR_NAME = AccentColor;
				CODE_SIGN_STYLE = Automatic;
				CURRENT_PROJECT_VERSION = 1;
				DEVELOPMENT_ASSET_PATHS = "\"PetVet/Preview Content\"";
				DEVELOPMENT_TEAM = SJV56SAX8G;
				ENABLE_PREVIEWS = YES;
				GENERATE_INFOPLIST_FILE = YES;
				INFOPLIST_KEY_UIApplicationSceneManifest_Generation = YES;
				INFOPLIST_KEY_UIApplicationSupportsIndirectInputEvents = YES;
				INFOPLIST_KEY_UILaunchScreen_Generation = YES;
				INFOPLIST_KEY_UISupportedInterfaceOrientations_iPad = "UIInterfaceOrientationPortrait UIInterfaceOrientationPortraitUpsideDown UIInterfaceOrientationLandscapeLeft UIInterfaceOrientationLandscapeRight";
				INFOPLIST_KEY_UISupportedInterfaceOrientations_iPhone = "UIInterfaceOrientationPortrait UIInterfaceOrientationLandscapeLeft UIInterfaceOrientationLandscapeRight";
				LD_RUNPATH_SEARCH_PATHS = (
					"$(inherited)",
					"@executable_path/Frameworks",
				);
				MARKETING_VERSION = 1.0;
				PRODUCT_BUNDLE_IDENTIFIER = com.petracackov.petVet;
				PRODUCT_NAME = "$(TARGET_NAME)";
				SWIFT_EMIT_LOC_STRINGS = YES;
				SWIFT_VERSION = 5.0;
				TARGETED_DEVICE_FAMILY = "1,2";
			};
			name = Release;
		};
/* End XCBuildConfiguration section */

/* Begin XCConfigurationList section */
		C086E32427B7D1B10050EB25 /* Build configuration list for PBXProject "PetVet" */ = {
			isa = XCConfigurationList;
			buildConfigurations = (
				C086E33527B7D1B20050EB25 /* Debug */,
				C086E33627B7D1B20050EB25 /* Release */,
			);
			defaultConfigurationIsVisible = 0;
			defaultConfigurationName = Release;
		};
		C086E33727B7D1B20050EB25 /* Build configuration list for PBXNativeTarget "PetVet" */ = {
			isa = XCConfigurationList;
			buildConfigurations = (
				C086E33827B7D1B20050EB25 /* Debug */,
				C086E33927B7D1B20050EB25 /* Release */,
			);
			defaultConfigurationIsVisible = 0;
			defaultConfigurationName = Release;
		};
/* End XCConfigurationList section */
	};
	rootObject = C086E32127B7D1B10050EB25 /* Project object */;
}
